
Microsoft Visual Studio Solution File, Format Version 12.00
# Visual Studio Version 16
VisualStudioVersion = 16.0.32228.343
MinimumVisualStudioVersion = 10.0.40219.1
Project("{FAE04EC0-301F-11D3-BF4B-00C04F79EFBC}") = "01. Ranking", "01. Ranking\01. Ranking.csproj", "{4EAE0BA5-1B92-4DF5-84A8-807A7BA29EDB}"
EndProject
Project("{FAE04EC0-301F-11D3-BF4B-00C04F79EFBC}") = "02. Judge", "02. Judge\02. Judge.csproj", "{3456E540-9BAF-448A-9FD3-15C02746656F}"
EndProject
Project("{FAE04EC0-301F-11D3-BF4B-00C04F79EFBC}") = "03. MOBA Challenger", "03. MOBA Challenger\03. MOBA Challenger.csproj", "{C1F23650-AB27-435A-A877-46ED31F3B396}"
EndProject
Project("{FAE04EC0-301F-11D3-BF4B-00C04F79EFBC}") = "04. Snowwhite", "04. Snowwhite\04. Snowwhite.csproj", "{94CC77DF-AFAA-4BD1-B541-E1B3790755D4}"
EndProject
Project("{FAE04EC0-301F-11D3-BF4B-00C04F79EFBC}") = "05. Dragon Army", "05. Dragon Army\05. Dragon Army.csproj", "{80AD6866-9C51-443D-94B0-D91BBF9FA376}"
EndProject
Global
	GlobalSection(SolutionConfigurationPlatforms) = preSolution
		Debug|Any CPU = Debug|Any CPU
		Release|Any CPU = Release|Any CPU
	EndGlobalSection
	GlobalSection(ProjectConfigurationPlatforms) = postSolution
		{4EAE0BA5-1B92-4DF5-84A8-807A7BA29EDB}.Debug|Any CPU.ActiveCfg = Debug|Any CPU
		{4EAE0BA5-1B92-4DF5-84A8-807A7BA29EDB}.Debug|Any CPU.Build.0 = Debug|Any CPU
		{4EAE0BA5-1B92-4DF5-84A8-807A7BA29EDB}.Release|Any CPU.ActiveCfg = Release|Any CPU
		{4EAE0BA5-1B92-4DF5-84A8-807A7BA29EDB}.Release|Any CPU.Build.0 = Release|Any CPU
		{3456E540-9BAF-448A-9FD3-15C02746656F}.Debug|Any CPU.ActiveCfg = Debug|Any CPU
		{3456E540-9BAF-448A-9FD3-15C02746656F}.Debug|Any CPU.Build.0 = Debug|Any CPU
		{3456E540-9BAF-448A-9FD3-15C02746656F}.Release|Any CPU.ActiveCfg = Release|Any CPU
		{3456E540-9BAF-448A-9FD3-15C02746656F}.Release|Any CPU.Build.0 = Release|Any CPU
		{C1F23650-AB27-435A-A877-46ED31F3B396}.Debug|Any CPU.ActiveCfg = Debug|Any CPU
		{C1F23650-AB27-435A-A877-46ED31F3B396}.Debug|Any CPU.Build.0 = Debug|Any CPU
		{C1F23650-AB27-435A-A877-46ED31F3B396}.Release|Any CPU.ActiveCfg = Release|Any CPU
		{C1F23650-AB27-435A-A877-46ED31F3B396}.Release|Any CPU.Build.0 = Release|Any CPU
		{94CC77DF-AFAA-4BD1-B541-E1B3790755D4}.Debug|Any CPU.ActiveCfg = Debug|Any CPU
		{94CC77DF-AFAA-4BD1-B541-E1B3790755D4}.Debug|Any CPU.Build.0 = Debug|Any CPU
		{94CC77DF-AFAA-4BD1-B541-E1B3790755D4}.Release|Any CPU.ActiveCfg = Release|Any CPU
		{94CC77DF-AFAA-4BD1-B541-E1B3790755D4}.Release|Any CPU.Build.0 = Release|Any CPU
		{80AD6866-9C51-443D-94B0-D91BBF9FA376}.Debug|Any CPU.ActiveCfg = Debug|Any CPU
		{80AD6866-9C51-443D-94B0-D91BBF9FA376}.Debug|Any CPU.Build.0 = Debug|Any CPU
		{80AD6866-9C51-443D-94B0-D91BBF9FA376}.Release|Any CPU.ActiveCfg = Release|Any CPU
		{80AD6866-9C51-443D-94B0-D91BBF9FA376}.Release|Any CPU.Build.0 = Release|Any CPU
	EndGlobalSection
	GlobalSection(SolutionProperties) = preSolution
		HideSolutionNode = FALSE
	EndGlobalSection
	GlobalSection(ExtensibilityGlobals) = postSolution
		SolutionGuid = {D6A3A7B6-2F13-4CEF-8627-9D90C509CD7C}
	EndGlobalSection
EndGlobal
