
Microsoft Visual Studio Solution File, Format Version 12.00
# Visual Studio Version 16
VisualStudioVersion = 16.0.32106.194
MinimumVisualStudioVersion = 10.0.40219.1
Project("{FAE04EC0-301F-11D3-BF4B-00C04F79EFBC}") = "01. Student Information", "01. Student Information\01. Student Information.csproj", "{41B051FC-4A67-4E17-8263-E97C4E47F739}"
EndProject
Project("{FAE04EC0-301F-11D3-BF4B-00C04F79EFBC}") = "02. Passed", "02. Passed\02. Passed.csproj", "{AC706E1B-6149-4D72-A24C-19C1A9ADC129}"
EndProject
Project("{FAE04EC0-301F-11D3-BF4B-00C04F79EFBC}") = "03. Passed or Failed", "03. Passed or Failed\03. Passed or Failed.csproj", "{09668DFE-C9FE-4313-A2EC-A01B138ED77D}"
EndProject
Project("{FAE04EC0-301F-11D3-BF4B-00C04F79EFBC}") = "04. Back In 30 Minutes", "04. Back In 30 Minutes\04. Back In 30 Minutes.csproj", "{B110E796-2F6A-48B6-A7CD-7BD91AC240F2}"
EndProject
Project("{FAE04EC0-301F-11D3-BF4B-00C04F79EFBC}") = "05. Month Printer", "05. Month Printer\05. Month Printer.csproj", "{DBEFD53C-AB55-4F41-86A4-FDC408132D81}"
EndProject
Project("{FAE04EC0-301F-11D3-BF4B-00C04F79EFBC}") = "06. Foreign Languages", "06. Foreign Languages\06. Foreign Languages.csproj", "{97D63673-591D-4B08-85AF-46FC4327F2C5}"
EndProject
Project("{FAE04EC0-301F-11D3-BF4B-00C04F79EFBC}") = "07. Theatre Promotion", "07. Theatre Promotion\07. Theatre Promotion.csproj", "{F1F26C79-A5CD-470E-8434-BCD4D548A04C}"
EndProject
Project("{FAE04EC0-301F-11D3-BF4B-00C04F79EFBC}") = "08. Divisible by 3", "08. Divisible by 3\08. Divisible by 3.csproj", "{06D68425-3D86-43C6-95AB-C7350D920992}"
EndProject
Project("{FAE04EC0-301F-11D3-BF4B-00C04F79EFBC}") = "09. Sum of Odd Numbers", "09. Sum of Odd Numbers\09. Sum of Odd Numbers.csproj", "{A01253F7-72B1-4CAA-BA14-A5C3B24F77DC}"
EndProject
Project("{FAE04EC0-301F-11D3-BF4B-00C04F79EFBC}") = "10. Multiplication Table", "10. Multiplication Table\10. Multiplication Table.csproj", "{21392242-7968-4F6E-AC83-D6471020B60F}"
EndProject
Project("{FAE04EC0-301F-11D3-BF4B-00C04F79EFBC}") = "11. Multiplication Table 2.0", "11. Multiplication Table 2.0\11. Multiplication Table 2.0.csproj", "{0F29FEEB-86E4-4B48-9F2B-0661F20A6F42}"
EndProject
Project("{FAE04EC0-301F-11D3-BF4B-00C04F79EFBC}") = "12. Even Number", "12. Even Number\12. Even Number.csproj", "{EAF44F97-2C68-48F0-9376-6D9822CEE26C}"
EndProject
Project("{FAE04EC0-301F-11D3-BF4B-00C04F79EFBC}") = "13. Holidays Between Two Dates", "13. Holidays Between Two Dates\13. Holidays Between Two Dates.csproj", "{61361D11-E30E-478A-A1F9-49A4A2916547}"
EndProject
Global
	GlobalSection(SolutionConfigurationPlatforms) = preSolution
		Debug|Any CPU = Debug|Any CPU
		Release|Any CPU = Release|Any CPU
	EndGlobalSection
	GlobalSection(ProjectConfigurationPlatforms) = postSolution
		{41B051FC-4A67-4E17-8263-E97C4E47F739}.Debug|Any CPU.ActiveCfg = Debug|Any CPU
		{41B051FC-4A67-4E17-8263-E97C4E47F739}.Debug|Any CPU.Build.0 = Debug|Any CPU
		{41B051FC-4A67-4E17-8263-E97C4E47F739}.Release|Any CPU.ActiveCfg = Release|Any CPU
		{41B051FC-4A67-4E17-8263-E97C4E47F739}.Release|Any CPU.Build.0 = Release|Any CPU
		{AC706E1B-6149-4D72-A24C-19C1A9ADC129}.Debug|Any CPU.ActiveCfg = Debug|Any CPU
		{AC706E1B-6149-4D72-A24C-19C1A9ADC129}.Debug|Any CPU.Build.0 = Debug|Any CPU
		{AC706E1B-6149-4D72-A24C-19C1A9ADC129}.Release|Any CPU.ActiveCfg = Release|Any CPU
		{AC706E1B-6149-4D72-A24C-19C1A9ADC129}.Release|Any CPU.Build.0 = Release|Any CPU
		{09668DFE-C9FE-4313-A2EC-A01B138ED77D}.Debug|Any CPU.ActiveCfg = Debug|Any CPU
		{09668DFE-C9FE-4313-A2EC-A01B138ED77D}.Debug|Any CPU.Build.0 = Debug|Any CPU
		{09668DFE-C9FE-4313-A2EC-A01B138ED77D}.Release|Any CPU.ActiveCfg = Release|Any CPU
		{09668DFE-C9FE-4313-A2EC-A01B138ED77D}.Release|Any CPU.Build.0 = Release|Any CPU
		{B110E796-2F6A-48B6-A7CD-7BD91AC240F2}.Debug|Any CPU.ActiveCfg = Debug|Any CPU
		{B110E796-2F6A-48B6-A7CD-7BD91AC240F2}.Debug|Any CPU.Build.0 = Debug|Any CPU
		{B110E796-2F6A-48B6-A7CD-7BD91AC240F2}.Release|Any CPU.ActiveCfg = Release|Any CPU
		{B110E796-2F6A-48B6-A7CD-7BD91AC240F2}.Release|Any CPU.Build.0 = Release|Any CPU
		{DBEFD53C-AB55-4F41-86A4-FDC408132D81}.Debug|Any CPU.ActiveCfg = Debug|Any CPU
		{DBEFD53C-AB55-4F41-86A4-FDC408132D81}.Debug|Any CPU.Build.0 = Debug|Any CPU
		{DBEFD53C-AB55-4F41-86A4-FDC408132D81}.Release|Any CPU.ActiveCfg = Release|Any CPU
		{DBEFD53C-AB55-4F41-86A4-FDC408132D81}.Release|Any CPU.Build.0 = Release|Any CPU
		{97D63673-591D-4B08-85AF-46FC4327F2C5}.Debug|Any CPU.ActiveCfg = Debug|Any CPU
		{97D63673-591D-4B08-85AF-46FC4327F2C5}.Debug|Any CPU.Build.0 = Debug|Any CPU
		{97D63673-591D-4B08-85AF-46FC4327F2C5}.Release|Any CPU.ActiveCfg = Release|Any CPU
		{97D63673-591D-4B08-85AF-46FC4327F2C5}.Release|Any CPU.Build.0 = Release|Any CPU
		{F1F26C79-A5CD-470E-8434-BCD4D548A04C}.Debug|Any CPU.ActiveCfg = Debug|Any CPU
		{F1F26C79-A5CD-470E-8434-BCD4D548A04C}.Debug|Any CPU.Build.0 = Debug|Any CPU
		{F1F26C79-A5CD-470E-8434-BCD4D548A04C}.Release|Any CPU.ActiveCfg = Release|Any CPU
		{F1F26C79-A5CD-470E-8434-BCD4D548A04C}.Release|Any CPU.Build.0 = Release|Any CPU
		{06D68425-3D86-43C6-95AB-C7350D920992}.Debug|Any CPU.ActiveCfg = Debug|Any CPU
		{06D68425-3D86-43C6-95AB-C7350D920992}.Debug|Any CPU.Build.0 = Debug|Any CPU
		{06D68425-3D86-43C6-95AB-C7350D920992}.Release|Any CPU.ActiveCfg = Release|Any CPU
		{06D68425-3D86-43C6-95AB-C7350D920992}.Release|Any CPU.Build.0 = Release|Any CPU
		{A01253F7-72B1-4CAA-BA14-A5C3B24F77DC}.Debug|Any CPU.ActiveCfg = Debug|Any CPU
		{A01253F7-72B1-4CAA-BA14-A5C3B24F77DC}.Debug|Any CPU.Build.0 = Debug|Any CPU
		{A01253F7-72B1-4CAA-BA14-A5C3B24F77DC}.Release|Any CPU.ActiveCfg = Release|Any CPU
		{A01253F7-72B1-4CAA-BA14-A5C3B24F77DC}.Release|Any CPU.Build.0 = Release|Any CPU
		{21392242-7968-4F6E-AC83-D6471020B60F}.Debug|Any CPU.ActiveCfg = Debug|Any CPU
		{21392242-7968-4F6E-AC83-D6471020B60F}.Debug|Any CPU.Build.0 = Debug|Any CPU
		{21392242-7968-4F6E-AC83-D6471020B60F}.Release|Any CPU.ActiveCfg = Release|Any CPU
		{21392242-7968-4F6E-AC83-D6471020B60F}.Release|Any CPU.Build.0 = Release|Any CPU
		{0F29FEEB-86E4-4B48-9F2B-0661F20A6F42}.Debug|Any CPU.ActiveCfg = Debug|Any CPU
		{0F29FEEB-86E4-4B48-9F2B-0661F20A6F42}.Debug|Any CPU.Build.0 = Debug|Any CPU
		{0F29FEEB-86E4-4B48-9F2B-0661F20A6F42}.Release|Any CPU.ActiveCfg = Release|Any CPU
		{0F29FEEB-86E4-4B48-9F2B-0661F20A6F42}.Release|Any CPU.Build.0 = Release|Any CPU
		{EAF44F97-2C68-48F0-9376-6D9822CEE26C}.Debug|Any CPU.ActiveCfg = Debug|Any CPU
		{EAF44F97-2C68-48F0-9376-6D9822CEE26C}.Debug|Any CPU.Build.0 = Debug|Any CPU
		{EAF44F97-2C68-48F0-9376-6D9822CEE26C}.Release|Any CPU.ActiveCfg = Release|Any CPU
		{EAF44F97-2C68-48F0-9376-6D9822CEE26C}.Release|Any CPU.Build.0 = Release|Any CPU
		{61361D11-E30E-478A-A1F9-49A4A2916547}.Debug|Any CPU.ActiveCfg = Debug|Any CPU
		{61361D11-E30E-478A-A1F9-49A4A2916547}.Debug|Any CPU.Build.0 = Debug|Any CPU
		{61361D11-E30E-478A-A1F9-49A4A2916547}.Release|Any CPU.ActiveCfg = Release|Any CPU
		{61361D11-E30E-478A-A1F9-49A4A2916547}.Release|Any CPU.Build.0 = Release|Any CPU
	EndGlobalSection
	GlobalSection(SolutionProperties) = preSolution
		HideSolutionNode = FALSE
	EndGlobalSection
	GlobalSection(ExtensibilityGlobals) = postSolution
		SolutionGuid = {F8D271A5-BF99-49AA-8176-6590222E5883}
	EndGlobalSection
EndGlobal
