
Microsoft Visual Studio Solution File, Format Version 12.00
# Visual Studio Version 16
VisualStudioVersion = 16.0.32228.343
MinimumVisualStudioVersion = 10.0.40219.1
Project("{FAE04EC0-301F-11D3-BF4B-00C04F79EFBC}") = "01. Messaging", "01. Messaging\01. Messaging.csproj", "{15C34F40-ADDB-4054-8128-2ABCBE6B767D}"
EndProject
Project("{FAE04EC0-301F-11D3-BF4B-00C04F79EFBC}") = "02. Car Race", "02. Car Race\02. Car Race.csproj", "{6A6ADA43-8399-4126-B67A-903DFA1838E4}"
EndProject
Project("{FAE04EC0-301F-11D3-BF4B-00C04F79EFBC}") = "03. TakeORSkip Rope", "03. TakeORSkip Rope\03. TakeORSkip Rope.csproj", "{0A21C7FE-2808-4E29-B28F-64199D2C04FA}"
EndProject
Project("{FAE04EC0-301F-11D3-BF4B-00C04F79EFBC}") = "04. Mixed up Lists", "04. Mixed up Lists\04. Mixed up Lists.csproj", "{0336A7CD-62D1-4025-B2FF-517920A413F9}"
EndProject
Project("{FAE04EC0-301F-11D3-BF4B-00C04F79EFBC}") = "05. Drum Set", "05. Drum Set\05. Drum Set.csproj", "{F758309F-CB4B-455A-8661-DB45753409E3}"
EndProject
Global
	GlobalSection(SolutionConfigurationPlatforms) = preSolution
		Debug|Any CPU = Debug|Any CPU
		Release|Any CPU = Release|Any CPU
	EndGlobalSection
	GlobalSection(ProjectConfigurationPlatforms) = postSolution
		{15C34F40-ADDB-4054-8128-2ABCBE6B767D}.Debug|Any CPU.ActiveCfg = Debug|Any CPU
		{15C34F40-ADDB-4054-8128-2ABCBE6B767D}.Debug|Any CPU.Build.0 = Debug|Any CPU
		{15C34F40-ADDB-4054-8128-2ABCBE6B767D}.Release|Any CPU.ActiveCfg = Release|Any CPU
		{15C34F40-ADDB-4054-8128-2ABCBE6B767D}.Release|Any CPU.Build.0 = Release|Any CPU
		{6A6ADA43-8399-4126-B67A-903DFA1838E4}.Debug|Any CPU.ActiveCfg = Debug|Any CPU
		{6A6ADA43-8399-4126-B67A-903DFA1838E4}.Debug|Any CPU.Build.0 = Debug|Any CPU
		{6A6ADA43-8399-4126-B67A-903DFA1838E4}.Release|Any CPU.ActiveCfg = Release|Any CPU
		{6A6ADA43-8399-4126-B67A-903DFA1838E4}.Release|Any CPU.Build.0 = Release|Any CPU
		{0A21C7FE-2808-4E29-B28F-64199D2C04FA}.Debug|Any CPU.ActiveCfg = Debug|Any CPU
		{0A21C7FE-2808-4E29-B28F-64199D2C04FA}.Debug|Any CPU.Build.0 = Debug|Any CPU
		{0A21C7FE-2808-4E29-B28F-64199D2C04FA}.Release|Any CPU.ActiveCfg = Release|Any CPU
		{0A21C7FE-2808-4E29-B28F-64199D2C04FA}.Release|Any CPU.Build.0 = Release|Any CPU
		{0336A7CD-62D1-4025-B2FF-517920A413F9}.Debug|Any CPU.ActiveCfg = Debug|Any CPU
		{0336A7CD-62D1-4025-B2FF-517920A413F9}.Debug|Any CPU.Build.0 = Debug|Any CPU
		{0336A7CD-62D1-4025-B2FF-517920A413F9}.Release|Any CPU.ActiveCfg = Release|Any CPU
		{0336A7CD-62D1-4025-B2FF-517920A413F9}.Release|Any CPU.Build.0 = Release|Any CPU
		{F758309F-CB4B-455A-8661-DB45753409E3}.Debug|Any CPU.ActiveCfg = Debug|Any CPU
		{F758309F-CB4B-455A-8661-DB45753409E3}.Debug|Any CPU.Build.0 = Debug|Any CPU
		{F758309F-CB4B-455A-8661-DB45753409E3}.Release|Any CPU.ActiveCfg = Release|Any CPU
		{F758309F-CB4B-455A-8661-DB45753409E3}.Release|Any CPU.Build.0 = Release|Any CPU
	EndGlobalSection
	GlobalSection(SolutionProperties) = preSolution
		HideSolutionNode = FALSE
	EndGlobalSection
	GlobalSection(ExtensibilityGlobals) = postSolution
		SolutionGuid = {51677F94-B7C0-4283-BFD5-FC0EB9550F47}
	EndGlobalSection
EndGlobal
